
Microsoft Visual Studio Solution File, Format Version 12.00
# Visual Studio Version 16
VisualStudioVersion = 16.0.31613.86
MinimumVisualStudioVersion = 10.0.40219.1
Project("{9A19103F-16F7-4668-BE54-9A1E7A4F7556}") = "Server", "Server.csproj", "{E2252FE2-68F0-4F42-B5A4-4AD3A96F1DEE}"
EndProject
Project("{9A19103F-16F7-4668-BE54-9A1E7A4F7556}") = "BL", "..\BL\BL.csproj", "{12CD05E6-12DD-4560-A741-48A88C950CC4}"
EndProject
Project("{9A19103F-16F7-4668-BE54-9A1E7A4F7556}") = "Common", "..\Models\Common.csproj", "{D36C7F78-644C-42C6-AB16-B76849A018D0}"
EndProject
Project("{9A19103F-16F7-4668-BE54-9A1E7A4F7556}") = "Dal", "..\Dal\Dal.csproj", "{C85F205D-1F6B-4BD3-996C-63BE59CB5E0E}"
EndProject
Project("{9A19103F-16F7-4668-BE54-9A1E7A4F7556}") = "FlightsSimulator", "..\FlightsSimulator\FlightsSimulator.csproj", "{F40E20CC-99A4-4D80-99C4-2C6F2B77351B}"
EndProject
Project("{9A19103F-16F7-4668-BE54-9A1E7A4F7556}") = "Tests", "..\Tests\Tests.csproj", "{A1EB24B9-D9CF-49E2-ADA0-BB4087100FFA}"
EndProject
Global
	GlobalSection(SolutionConfigurationPlatforms) = preSolution
		Debug|Any CPU = Debug|Any CPU
		Release|Any CPU = Release|Any CPU
	EndGlobalSection
	GlobalSection(ProjectConfigurationPlatforms) = postSolution
		{E2252FE2-68F0-4F42-B5A4-4AD3A96F1DEE}.Debug|Any CPU.ActiveCfg = Debug|Any CPU
		{E2252FE2-68F0-4F42-B5A4-4AD3A96F1DEE}.Debug|Any CPU.Build.0 = Debug|Any CPU
		{E2252FE2-68F0-4F42-B5A4-4AD3A96F1DEE}.Release|Any CPU.ActiveCfg = Release|Any CPU
		{E2252FE2-68F0-4F42-B5A4-4AD3A96F1DEE}.Release|Any CPU.Build.0 = Release|Any CPU
		{12CD05E6-12DD-4560-A741-48A88C950CC4}.Debug|Any CPU.ActiveCfg = Debug|Any CPU
		{12CD05E6-12DD-4560-A741-48A88C950CC4}.Debug|Any CPU.Build.0 = Debug|Any CPU
		{12CD05E6-12DD-4560-A741-48A88C950CC4}.Release|Any CPU.ActiveCfg = Release|Any CPU
		{12CD05E6-12DD-4560-A741-48A88C950CC4}.Release|Any CPU.Build.0 = Release|Any CPU
		{D36C7F78-644C-42C6-AB16-B76849A018D0}.Debug|Any CPU.ActiveCfg = Debug|Any CPU
		{D36C7F78-644C-42C6-AB16-B76849A018D0}.Debug|Any CPU.Build.0 = Debug|Any CPU
		{D36C7F78-644C-42C6-AB16-B76849A018D0}.Release|Any CPU.ActiveCfg = Release|Any CPU
		{D36C7F78-644C-42C6-AB16-B76849A018D0}.Release|Any CPU.Build.0 = Release|Any CPU
		{C85F205D-1F6B-4BD3-996C-63BE59CB5E0E}.Debug|Any CPU.ActiveCfg = Debug|Any CPU
		{C85F205D-1F6B-4BD3-996C-63BE59CB5E0E}.Debug|Any CPU.Build.0 = Debug|Any CPU
		{C85F205D-1F6B-4BD3-996C-63BE59CB5E0E}.Release|Any CPU.ActiveCfg = Release|Any CPU
		{C85F205D-1F6B-4BD3-996C-63BE59CB5E0E}.Release|Any CPU.Build.0 = Release|Any CPU
		{F40E20CC-99A4-4D80-99C4-2C6F2B77351B}.Debug|Any CPU.ActiveCfg = Debug|Any CPU
		{F40E20CC-99A4-4D80-99C4-2C6F2B77351B}.Debug|Any CPU.Build.0 = Debug|Any CPU
		{F40E20CC-99A4-4D80-99C4-2C6F2B77351B}.Release|Any CPU.ActiveCfg = Release|Any CPU
		{F40E20CC-99A4-4D80-99C4-2C6F2B77351B}.Release|Any CPU.Build.0 = Release|Any CPU
		{A1EB24B9-D9CF-49E2-ADA0-BB4087100FFA}.Debug|Any CPU.ActiveCfg = Debug|Any CPU
		{A1EB24B9-D9CF-49E2-ADA0-BB4087100FFA}.Debug|Any CPU.Build.0 = Debug|Any CPU
		{A1EB24B9-D9CF-49E2-ADA0-BB4087100FFA}.Release|Any CPU.ActiveCfg = Release|Any CPU
		{A1EB24B9-D9CF-49E2-ADA0-BB4087100FFA}.Release|Any CPU.Build.0 = Release|Any CPU
	EndGlobalSection
	GlobalSection(SolutionProperties) = preSolution
		HideSolutionNode = FALSE
	EndGlobalSection
	GlobalSection(ExtensibilityGlobals) = postSolution
		SolutionGuid = {B7D89E87-19B3-4CB3-9402-CB6ED8D3BD49}
	EndGlobalSection
EndGlobal
